
Microsoft Visual Studio Solution File, Format Version 12.00
# Visual Studio 15
VisualStudioVersion = 15.0.26929.2
MinimumVisualStudioVersion = 10.0.40219.1
Project("{888888A0-9F3D-457C-B088-3A5042F75D52}") = "examples", "examples.pyproj", "{0E9B2400-EDB9-45A0-B2AA-F5A247649377}"
EndProject
Global
	GlobalSection(SolutionConfigurationPlatforms) = preSolution
		Debug|Any CPU = Debug|Any CPU
		Release|Any CPU = Release|Any CPU
	EndGlobalSection
	GlobalSection(ProjectConfigurationPlatforms) = postSolution
		{0E9B2400-EDB9-45A0-B2AA-F5A247649377}.Debug|Any CPU.ActiveCfg = Debug|Any CPU
		{0E9B2400-EDB9-45A0-B2AA-F5A247649377}.Release|Any CPU.ActiveCfg = Release|Any CPU
	EndGlobalSection
	GlobalSection(SolutionProperties) = preSolution
		HideSolutionNode = FALSE
	EndGlobalSection
	GlobalSection(ExtensibilityGlobals) = postSolution
		SolutionGuid = {2DBA7DBD-EDE7-4719-A5E8-6A223AAF4B9C}
	EndGlobalSection
EndGlobal
